
Microsoft Visual Studio Solution File, Format Version 12.00
# Visual Studio Version 17
VisualStudioVersion = 17.6.33815.320
MinimumVisualStudioVersion = 10.0.40219.1
Project("{FAE04EC0-301F-11D3-BF4B-00C04F79EFBC}") = "WebApplication1", "WebApplication1\WebApplication1.csproj", "{E7FA0D80-F833-402D-AC2B-E998AF465B91}"
EndProject
Global
	GlobalSection(SolutionConfigurationPlatforms) = preSolution
		Debug|Any CPU = Debug|Any CPU
		Release|Any CPU = Release|Any CPU
	EndGlobalSection
	GlobalSection(ProjectConfigurationPlatforms) = postSolution
		{E7FA0D80-F833-402D-AC2B-E998AF465B91}.Debug|Any CPU.ActiveCfg = Debug|Any CPU
		{E7FA0D80-F833-402D-AC2B-E998AF465B91}.Debug|Any CPU.Build.0 = Debug|Any CPU
		{E7FA0D80-F833-402D-AC2B-E998AF465B91}.Release|Any CPU.ActiveCfg = Release|Any CPU
		{E7FA0D80-F833-402D-AC2B-E998AF465B91}.Release|Any CPU.Build.0 = Release|Any CPU
	EndGlobalSection
	GlobalSection(SolutionProperties) = preSolution
		HideSolutionNode = FALSE
	EndGlobalSection
	GlobalSection(ExtensibilityGlobals) = postSolution
		SolutionGuid = {EB34271A-AF63-4899-AB4F-524A66A169BD}
	EndGlobalSection
EndGlobal
